PODS:
  - AEXML (4.3.0)
  - ViewElements (0.1.7)

DEPENDENCIES:
  - AEXML
  - ViewElements

SPEC REPOS:
  https://github.com/cocoapods/specs.git:
    - AEXML
    - ViewElements

SPEC CHECKSUMS:
  AEXML: bae92c01e0da64132fd72f748721cda07466032b
  ViewElements: ba0d09da0edf63e5e89bc272476a1c77933c3112

PODFILE CHECKSUM: 7eb90af1ac5bf0acdc6eb4c725ed692324e49b02

COCOAPODS: 1.5.3
